
Microsoft Visual Studio Solution File, Format Version 12.00
# Visual Studio Version 16
VisualStudioVersion = 16.0.29728.190
MinimumVisualStudioVersion = 10.0.40219.1
Project("{FAE04EC0-301F-11D3-BF4B-00C04F79EFBC}") = "RepositoryDapper", "RepositoryDapper\RepositoryDapper.csproj", "{26F7FAC4-82C7-4965-BDC6-1B1D77709DF0}"
EndProject
Project("{FAE04EC0-301F-11D3-BF4B-00C04F79EFBC}") = "RepositoryDapper.Test", "RepositoryDapper.Test\RepositoryDapper.Test.csproj", "{47C96747-279B-42DE-99AE-E561D388B3B4}"
EndProject
Global
	GlobalSection(SolutionConfigurationPlatforms) = preSolution
		Debug|Any CPU = Debug|Any CPU
		Release|Any CPU = Release|Any CPU
	EndGlobalSection
	GlobalSection(ProjectConfigurationPlatforms) = postSolution
		{26F7FAC4-82C7-4965-BDC6-1B1D77709DF0}.Debug|Any CPU.ActiveCfg = Debug|Any CPU
		{26F7FAC4-82C7-4965-BDC6-1B1D77709DF0}.Debug|Any CPU.Build.0 = Debug|Any CPU
		{26F7FAC4-82C7-4965-BDC6-1B1D77709DF0}.Release|Any CPU.ActiveCfg = Release|Any CPU
		{26F7FAC4-82C7-4965-BDC6-1B1D77709DF0}.Release|Any CPU.Build.0 = Release|Any CPU
		{47C96747-279B-42DE-99AE-E561D388B3B4}.Debug|Any CPU.ActiveCfg = Debug|Any CPU
		{47C96747-279B-42DE-99AE-E561D388B3B4}.Debug|Any CPU.Build.0 = Debug|Any CPU
		{47C96747-279B-42DE-99AE-E561D388B3B4}.Release|Any CPU.ActiveCfg = Release|Any CPU
		{47C96747-279B-42DE-99AE-E561D388B3B4}.Release|Any CPU.Build.0 = Release|Any CPU
	EndGlobalSection
	GlobalSection(SolutionProperties) = preSolution
		HideSolutionNode = FALSE
	EndGlobalSection
	GlobalSection(ExtensibilityGlobals) = postSolution
		SolutionGuid = {C795BDBB-B6B7-47FE-A071-63401DD6822B}
	EndGlobalSection
EndGlobal
